PODS:
  - AFNetworking (2.2.3):
    - AFNetworking/NSURLConnection
    - AFNetworking/NSURLSession
    - AFNetworking/Reachability
    - AFNetworking/Security
    - AFNetworking/Serialization
    - AFNetworking/UIKit
  - AFNetworking/NSURLConnection (2.2.3):
    - AFNetworking/Reachability
    - AFNetworking/Security
    - AFNetworking/Serialization
  - AFNetworking/NSURLSession (2.2.3):
    - AFNetworking/NSURLConnection
  - AFNetworking/Reachability (2.2.3)
  - AFNetworking/Security (2.2.3)
  - AFNetworking/Serialization (2.2.3)
  - AFNetworking/UIKit (2.2.3):
    - AFNetworking/NSURLConnection
    - AFNetworking/NSURLSession
  - MRProgress (0.4.1):
    - MRProgress/ActivityIndicator
    - MRProgress/Blur
    - MRProgress/Circular
    - MRProgress/Helper
    - MRProgress/Icons
    - MRProgress/MessageInterceptor
    - MRProgress/NavigationBarProgress
    - MRProgress/Overlay
    - MRProgress/Stopable
    - MRProgress/WeakProxy
  - MRProgress/ActivityIndicator (0.4.1):
    - MRProgress/Stopable
  - MRProgress/Blur (0.4.1):
    - MRProgress/Helper
  - MRProgress/Circular (0.4.1):
    - MRProgress/Helper
    - MRProgress/Stopable
  - MRProgress/Helper (0.4.1)
  - MRProgress/Icons (0.4.1)
  - MRProgress/MessageInterceptor (0.4.1)
  - MRProgress/NavigationBarProgress (0.4.1):
    - MRProgress/MessageInterceptor
  - MRProgress/Overlay (0.4.1):
    - MRProgress/ActivityIndicator
    - MRProgress/Blur
    - MRProgress/Circular
    - MRProgress/Helper
    - MRProgress/Icons
  - MRProgress/Stopable (0.4.1):
    - MRProgress/Helper
  - MRProgress/WeakProxy (0.4.1)
  - NJKWebViewProgress (0.2.2):
    - NJKWebViewProgress/Core
    - NJKWebViewProgress/ProgressView
  - NJKWebViewProgress/Core (0.2.2)
  - NJKWebViewProgress/ProgressView (0.2.2)
  - PDKeychainBindingsController (0.0.1)
  - XLDataLoader (1.0.0):
    - AFNetworking (~> 2.0)
  - XLForm (1.0.0):
    - AFNetworking (~> 2.0)
    - MRProgress (~> 0.2)
    - XLDataLoader (~> 1.0)

DEPENDENCIES:
  - NJKWebViewProgress (~> 0.2.2)
  - PDKeychainBindingsController (~> 0.0.1)
  - XLForm (~> 1.0.0)

SPEC CHECKSUMS:
  AFNetworking: ae513199cca79e9d7af2708ccabe2ed075550c42
  MRProgress: 6530ce71278dd7ecfb5e3c3e37df03a323690936
  NJKWebViewProgress: 4f905b9ab7eb91525dc899cacebd2941a6d4553b
  PDKeychainBindingsController: 463c207f8726e4aaec1ec20fd1876082ee86cb0a
  XLDataLoader: 05925b09fb2110b50a98d5fd9500823f5035b4ea
  XLForm: d26988aa9b7309095f4bbea66bafe5535ff2ccb9

COCOAPODS: 0.32.1
