// !$*UTF8*$!
{
	archiveVersion = 1;
	classes = {
	};
	objectVersion = 46;
	objects = {

/* Begin PBXBuildFile section */
		203013F61901F655000F0521 /* Foundation.framework in Frameworks */ = {isa = PBXBuildFile; fileRef = 203013F51901F655000F0521 /* Foundation.framework */; };
		203013F81901F655000F0521 /* CoreGraphics.framework in Frameworks */ = {isa = PBXBuildFile; fileRef = 203013F71901F655000F0521 /* CoreGraphics.framework */; };
		203013FA1901F655000F0521 /* UIKit.framework in Frameworks */ = {isa = PBXBuildFile; fileRef = 203013F91901F655000F0521 /* UIKit.framework */; };
		203014001901F655000F0521 /* InfoPlist.strings in Resources */ = {isa = PBXBuildFile; fileRef = 203013FE1901F655000F0521 /* InfoPlist.strings */; };
		203014021901F655000F0521 /* main.m in Sources */ = {isa = PBXBuildFile; fileRef = 203014011901F655000F0521 /* main.m */; };
		203014061901F655000F0521 /* AppDelegate.m in Sources */ = {isa = PBXBuildFile; fileRef = 203014051901F655000F0521 /* AppDelegate.m */; };
		203014091901F655000F0521 /* Main_iPhone.storyboard in Resources */ = {isa = PBXBuildFile; fileRef = 203014071901F655000F0521 /* Main_iPhone.storyboard */; };
		2030140C1901F655000F0521 /* Main_iPad.storyboard in Resources */ = {isa = PBXBuildFile; fileRef = 2030140A1901F655000F0521 /* Main_iPad.storyboard */; };
		2030140F1901F655000F0521 /* MainViewController.m in Sources */ = {isa = PBXBuildFile; fileRef = 2030140E1901F655000F0521 /* MainViewController.m */; };
		203014121901F655000F0521 /* FlipsideViewController.m in Sources */ = {isa = PBXBuildFile; fileRef = 203014111901F655000F0521 /* FlipsideViewController.m */; };
		203014141901F655000F0521 /* Images.xcassets in Resources */ = {isa = PBXBuildFile; fileRef = 203014131901F655000F0521 /* Images.xcassets */; };
		2030141B1901F655000F0521 /* XCTest.framework in Frameworks */ = {isa = PBXBuildFile; fileRef = 2030141A1901F655000F0521 /* XCTest.framework */; };
		2030141C1901F655000F0521 /* Foundation.framework in Frameworks */ = {isa = PBXBuildFile; fileRef = 203013F51901F655000F0521 /* Foundation.framework */; };
		2030141D1901F655000F0521 /* UIKit.framework in Frameworks */ = {isa = PBXBuildFile; fileRef = 203013F91901F655000F0521 /* UIKit.framework */; };
		203014251901F655000F0521 /* InfoPlist.strings in Resources */ = {isa = PBXBuildFile; fileRef = 203014231901F655000F0521 /* InfoPlist.strings */; };
		203014271901F656000F0521 /* WamexTests.m in Sources */ = {isa = PBXBuildFile; fileRef = 203014261901F656000F0521 /* WamexTests.m */; };
		203014321901FDC8000F0521 /* Settings.m in Sources */ = {isa = PBXBuildFile; fileRef = 203014311901FDC8000F0521 /* Settings.m */; };
		2030143519020CC4000F0521 /* SettingsNavigationViewController.m in Sources */ = {isa = PBXBuildFile; fileRef = 2030143419020CC4000F0521 /* SettingsNavigationViewController.m */; };
		2030143B190215D0000F0521 /* WebClient.m in Sources */ = {isa = PBXBuildFile; fileRef = 2030143A190215D0000F0521 /* WebClient.m */; };
		2030143E190217E3000F0521 /* UIWebView+Blocks.m in Sources */ = {isa = PBXBuildFile; fileRef = 2030143D190217E3000F0521 /* UIWebView+Blocks.m */; };
		2030144119028AC2000F0521 /* PaymentController.m in Sources */ = {isa = PBXBuildFile; fileRef = 2030144019028AC2000F0521 /* PaymentController.m */; };
		2030144419034377000F0521 /* PaymentProcessingController.m in Sources */ = {isa = PBXBuildFile; fileRef = 2030144319034377000F0521 /* PaymentProcessingController.m */; };
		2030144719034A4F000F0521 /* apple-touch-icon-precomposed@2x.png in Resources */ = {isa = PBXBuildFile; fileRef = 2030144619034A4F000F0521 /* apple-touch-icon-precomposed@2x.png */; };
		7BE89481F53C4B39932776FF /* libPods-Wamex.a in Frameworks */ = {isa = PBXBuildFile; fileRef = D3A1EBEDA4A44C7EAA434703 /* libPods-Wamex.a */; };
/* End PBXBuildFile section */

/* Begin PBXContainerItemProxy section */
		2030141E1901F655000F0521 /* PBXContainerItemProxy */ = {
			isa = PBXContainerItemProxy;
			containerPortal = 203013EA1901F655000F0521 /* Project object */;
			proxyType = 1;
			remoteGlobalIDString = 203013F11901F655000F0521;
			remoteInfo = Wamex;
		};
/* End PBXContainerItemProxy section */

/* Begin PBXFileReference section */
		203013F21901F655000F0521 /* Wamex.app */ = {isa = PBXFileReference; explicitFileType = wrapper.application; includeInIndex = 0; path = Wamex.app; sourceTree = BUILT_PRODUCTS_DIR; };
		203013F51901F655000F0521 /* Foundation.framework */ = {isa = PBXFileReference; lastKnownFileType = wrapper.framework; name = Foundation.framework; path = System/Library/Frameworks/Foundation.framework; sourceTree = SDKROOT; };
		203013F71901F655000F0521 /* CoreGraphics.framework */ = {isa = PBXFileReference; lastKnownFileType = wrapper.framework; name = CoreGraphics.framework; path = System/Library/Frameworks/CoreGraphics.framework; sourceTree = SDKROOT; };
		203013F91901F655000F0521 /* UIKit.framework */ = {isa = PBXFileReference; lastKnownFileType = wrapper.framework; name = UIKit.framework; path = System/Library/Frameworks/UIKit.framework; sourceTree = SDKROOT; };
		203013FD1901F655000F0521 /* Wamex-Info.plist */ = {isa = PBXFileReference; lastKnownFileType = text.plist.xml; path = "Wamex-Info.plist"; sourceTree = "<group>"; };
		203013FF1901F655000F0521 /* en */ = {isa = PBXFileReference; lastKnownFileType = text.plist.strings; name = en; path = en.lproj/InfoPlist.strings; sourceTree = "<group>"; };
		203014011901F655000F0521 /* main.m */ = {isa = PBXFileReference; lastKnownFileType = sourcecode.c.objc; path = main.m; sourceTree = "<group>"; };
		203014031901F655000F0521 /* Wamex-Prefix.pch */ = {isa = PBXFileReference; lastKnownFileType = sourcecode.c.h; path = "Wamex-Prefix.pch"; sourceTree = "<group>"; };
		203014041901F655000F0521 /* AppDelegate.h */ = {isa = PBXFileReference; lastKnownFileType = sourcecode.c.h; path = AppDelegate.h; sourceTree = "<group>"; };
		203014051901F655000F0521 /* AppDelegate.m */ = {isa = PBXFileReference; lastKnownFileType = sourcecode.c.objc; path = AppDelegate.m; sourceTree = "<group>"; };
		203014081901F655000F0521 /* Base */ = {isa = PBXFileReference; lastKnownFileType = file.storyboard; name = Base; path = Base.lproj/Main_iPhone.storyboard; sourceTree = "<group>"; };
		2030140B1901F655000F0521 /* Base */ = {isa = PBXFileReference; lastKnownFileType = file.storyboard; name = Base; path = Base.lproj/Main_iPad.storyboard; sourceTree = "<group>"; };
		2030140D1901F655000F0521 /* MainViewController.h */ = {isa = PBXFileReference; lastKnownFileType = sourcecode.c.h; path = MainViewController.h; sourceTree = "<group>"; };
		2030140E1901F655000F0521 /* MainViewController.m */ = {isa = PBXFileReference; lastKnownFileType = sourcecode.c.objc; path = MainViewController.m; sourceTree = "<group>"; };
		203014101901F655000F0521 /* FlipsideViewController.h */ = {isa = PBXFileReference; lastKnownFileType = sourcecode.c.h; path = FlipsideViewController.h; sourceTree = "<group>"; };
		203014111901F655000F0521 /* FlipsideViewController.m */ = {isa = PBXFileReference; lastKnownFileType = sourcecode.c.objc; path = FlipsideViewController.m; sourceTree = "<group>"; };
		203014131901F655000F0521 /* Images.xcassets */ = {isa = PBXFileReference; lastKnownFileType = folder.assetcatalog; path = Images.xcassets; sourceTree = "<group>"; };
		203014191901F655000F0521 /* WamexTests.xctest */ = {isa = PBXFileReference; explicitFileType = wrapper.cfbundle; includeInIndex = 0; path = WamexTests.xctest; sourceTree = BUILT_PRODUCTS_DIR; };
		2030141A1901F655000F0521 /* XCTest.framework */ = {isa = PBXFileReference; lastKnownFileType = wrapper.framework; name = XCTest.framework; path = Library/Frameworks/XCTest.framework; sourceTree = DEVELOPER_DIR; };
		203014221901F655000F0521 /* WamexTests-Info.plist */ = {isa = PBXFileReference; lastKnownFileType = text.plist.xml; path = "WamexTests-Info.plist"; sourceTree = "<group>"; };
		203014241901F655000F0521 /* en */ = {isa = PBXFileReference; lastKnownFileType = text.plist.strings; name = en; path = en.lproj/InfoPlist.strings; sourceTree = "<group>"; };
		203014261901F656000F0521 /* WamexTests.m */ = {isa = PBXFileReference; lastKnownFileType = sourcecode.c.objc; path = WamexTests.m; sourceTree = "<group>"; };
		203014301901FDC8000F0521 /* Settings.h */ = {isa = PBXFileReference; fileEncoding = 4; lastKnownFileType = sourcecode.c.h; path = Settings.h; sourceTree = "<group>"; };
		203014311901FDC8000F0521 /* Settings.m */ = {isa = PBXFileReference; fileEncoding = 4; lastKnownFileType = sourcecode.c.objc; path = Settings.m; sourceTree = "<group>"; };
		2030143319020CC4000F0521 /* SettingsNavigationViewController.h */ = {isa = PBXFileReference; fileEncoding = 4; lastKnownFileType = sourcecode.c.h; path = SettingsNavigationViewController.h; sourceTree = "<group>"; };
		2030143419020CC4000F0521 /* SettingsNavigationViewController.m */ = {isa = PBXFileReference; fileEncoding = 4; lastKnownFileType = sourcecode.c.objc; path = SettingsNavigationViewController.m; sourceTree = "<group>"; };
		20301439190215D0000F0521 /* WebClient.h */ = {isa = PBXFileReference; fileEncoding = 4; lastKnownFileType = sourcecode.c.h; path = WebClient.h; sourceTree = "<group>"; };
		2030143A190215D0000F0521 /* WebClient.m */ = {isa = PBXFileReference; fileEncoding = 4; lastKnownFileType = sourcecode.c.objc; path = WebClient.m; sourceTree = "<group>"; };
		2030143C190217E3000F0521 /* UIWebView+Blocks.h */ = {isa = PBXFileReference; fileEncoding = 4; lastKnownFileType = sourcecode.c.h; path = "UIWebView+Blocks.h"; sourceTree = "<group>"; };
		2030143D190217E3000F0521 /* UIWebView+Blocks.m */ = {isa = PBXFileReference; fileEncoding = 4; lastKnownFileType = sourcecode.c.objc; path = "UIWebView+Blocks.m"; sourceTree = "<group>"; };
		2030143F19028AC2000F0521 /* PaymentController.h */ = {isa = PBXFileReference; fileEncoding = 4; lastKnownFileType = sourcecode.c.h; path = PaymentController.h; sourceTree = "<group>"; };
		2030144019028AC2000F0521 /* PaymentController.m */ = {isa = PBXFileReference; fileEncoding = 4; lastKnownFileType = sourcecode.c.objc; path = PaymentController.m; sourceTree = "<group>"; };
		2030144219034377000F0521 /* PaymentProcessingController.h */ = {isa = PBXFileReference; fileEncoding = 4; lastKnownFileType = sourcecode.c.h; path = PaymentProcessingController.h; sourceTree = "<group>"; };
		2030144319034377000F0521 /* PaymentProcessingController.m */ = {isa = PBXFileReference; fileEncoding = 4; lastKnownFileType = sourcecode.c.objc; path = PaymentProcessingController.m; sourceTree = "<group>"; };
		2030144619034A4F000F0521 /* apple-touch-icon-precomposed@2x.png */ = {isa = PBXFileReference; lastKnownFileType = image.png; path = "apple-touch-icon-precomposed@2x.png"; sourceTree = "<group>"; };
		52EACCABB200447EA4172357 /* Pods-Wamex.xcconfig */ = {isa = PBXFileReference; includeInIndex = 1; lastKnownFileType = text.xcconfig; name = "Pods-Wamex.xcconfig"; path = "Pods/Pods-Wamex.xcconfig"; sourceTree = "<group>"; };
		D3A1EBEDA4A44C7EAA434703 /* libPods-Wamex.a */ = {isa = PBXFileReference; explicitFileType = archive.ar; includeInIndex = 0; path = "libPods-Wamex.a"; sourceTree = BUILT_PRODUCTS_DIR; };
/* End PBXFileReference section */

/* Begin PBXFrameworksBuildPhase section */
		203013EF1901F655000F0521 /* Frameworks */ = {
			isa = PBXFrameworksBuildPhase;
			buildActionMask = 2147483647;
			files = (
				203013F81901F655000F0521 /* CoreGraphics.framework in Frameworks */,
				203013FA1901F655000F0521 /* UIKit.framework in Frameworks */,
				203013F61901F655000F0521 /* Foundation.framework in Frameworks */,
				7BE89481F53C4B39932776FF /* libPods-Wamex.a in Frameworks */,
			);
			runOnlyForDeploymentPostprocessing = 0;
		};
		203014161901F655000F0521 /* Frameworks */ = {
			isa = PBXFrameworksBuildPhase;
			buildActionMask = 2147483647;
			files = (
				2030141B1901F655000F0521 /* XCTest.framework in Frameworks */,
				2030141D1901F655000F0521 /* UIKit.framework in Frameworks */,
				2030141C1901F655000F0521 /* Foundation.framework in Frameworks */,
			);
			runOnlyForDeploymentPostprocessing = 0;
		};
/* End PBXFrameworksBuildPhase section */

/* Begin PBXGroup section */
		203013E91901F655000F0521 = {
			isa = PBXGroup;
			children = (
				203013FB1901F655000F0521 /* Wamex */,
				203014201901F655000F0521 /* WamexTests */,
				203013F41901F655000F0521 /* Frameworks */,
				203013F31901F655000F0521 /* Products */,
				52EACCABB200447EA4172357 /* Pods-Wamex.xcconfig */,
			);
			sourceTree = "<group>";
		};
		203013F31901F655000F0521 /* Products */ = {
			isa = PBXGroup;
			children = (
				203013F21901F655000F0521 /* Wamex.app */,
				203014191901F655000F0521 /* WamexTests.xctest */,
			);
			name = Products;
			sourceTree = "<group>";
		};
		203013F41901F655000F0521 /* Frameworks */ = {
			isa = PBXGroup;
			children = (
				203013F51901F655000F0521 /* Foundation.framework */,
				203013F71901F655000F0521 /* CoreGraphics.framework */,
				203013F91901F655000F0521 /* UIKit.framework */,
				2030141A1901F655000F0521 /* XCTest.framework */,
				D3A1EBEDA4A44C7EAA434703 /* libPods-Wamex.a */,
			);
			name = Frameworks;
			sourceTree = "<group>";
		};
		203013FB1901F655000F0521 /* Wamex */ = {
			isa = PBXGroup;
			children = (
				2030144519034384000F0521 /* Controllers */,
				203014041901F655000F0521 /* AppDelegate.h */,
				203014051901F655000F0521 /* AppDelegate.m */,
				203014301901FDC8000F0521 /* Settings.h */,
				203014311901FDC8000F0521 /* Settings.m */,
				20301439190215D0000F0521 /* WebClient.h */,
				2030143A190215D0000F0521 /* WebClient.m */,
				2030143C190217E3000F0521 /* UIWebView+Blocks.h */,
				2030143D190217E3000F0521 /* UIWebView+Blocks.m */,
				203014131901F655000F0521 /* Images.xcassets */,
				203013FC1901F655000F0521 /* Supporting Files */,
			);
			path = Wamex;
			sourceTree = "<group>";
		};
		203013FC1901F655000F0521 /* Supporting Files */ = {
			isa = PBXGroup;
			children = (
				2030144619034A4F000F0521 /* apple-touch-icon-precomposed@2x.png */,
				203014071901F655000F0521 /* Main_iPhone.storyboard */,
				2030140A1901F655000F0521 /* Main_iPad.storyboard */,
				203013FD1901F655000F0521 /* Wamex-Info.plist */,
				203013FE1901F655000F0521 /* InfoPlist.strings */,
				203014011901F655000F0521 /* main.m */,
				203014031901F655000F0521 /* Wamex-Prefix.pch */,
			);
			name = "Supporting Files";
			sourceTree = "<group>";
		};
		203014201901F655000F0521 /* WamexTests */ = {
			isa = PBXGroup;
			children = (
				203014261901F656000F0521 /* WamexTests.m */,
				203014211901F655000F0521 /* Supporting Files */,
			);
			path = WamexTests;
			sourceTree = "<group>";
		};
		203014211901F655000F0521 /* Supporting Files */ = {
			isa = PBXGroup;
			children = (
				203014221901F655000F0521 /* WamexTests-Info.plist */,
				203014231901F655000F0521 /* InfoPlist.strings */,
			);
			name = "Supporting Files";
			sourceTree = "<group>";
		};
		2030144519034384000F0521 /* Controllers */ = {
			isa = PBXGroup;
			children = (
				203014101901F655000F0521 /* FlipsideViewController.h */,
				203014111901F655000F0521 /* FlipsideViewController.m */,
				2030140D1901F655000F0521 /* MainViewController.h */,
				2030140E1901F655000F0521 /* MainViewController.m */,
				2030143F19028AC2000F0521 /* PaymentController.h */,
				2030144019028AC2000F0521 /* PaymentController.m */,
				2030144219034377000F0521 /* PaymentProcessingController.h */,
				2030144319034377000F0521 /* PaymentProcessingController.m */,
				2030143319020CC4000F0521 /* SettingsNavigationViewController.h */,
				2030143419020CC4000F0521 /* SettingsNavigationViewController.m */,
			);
			name = Controllers;
			sourceTree = "<group>";
		};
/* End PBXGroup section */

/* Begin PBXNativeTarget section */
		203013F11901F655000F0521 /* Wamex */ = {
			isa = PBXNativeTarget;
			buildConfigurationList = 2030142A1901F656000F0521 /* Build configuration list for PBXNativeTarget "Wamex" */;
			buildPhases = (
				32B4E749575B4B519124250B /* Check Pods Manifest.lock */,
				203013EE1901F655000F0521 /* Sources */,
				203013EF1901F655000F0521 /* Frameworks */,
				203013F01901F655000F0521 /* Resources */,
				1622FD679C374CDBA24B5B20 /* Copy Pods Resources */,
			);
			buildRules = (
			);
			dependencies = (
			);
			name = Wamex;
			productName = Wamex;
			productReference = 203013F21901F655000F0521 /* Wamex.app */;
			productType = "com.apple.product-type.application";
		};
		203014181901F655000F0521 /* WamexTests */ = {
			isa = PBXNativeTarget;
			buildConfigurationList = 2030142D1901F656000F0521 /* Build configuration list for PBXNativeTarget "WamexTests" */;
			buildPhases = (
				203014151901F655000F0521 /* Sources */,
				203014161901F655000F0521 /* Frameworks */,
				203014171901F655000F0521 /* Resources */,
			);
			buildRules = (
			);
			dependencies = (
				2030141F1901F655000F0521 /* PBXTargetDependency */,
			);
			name = WamexTests;
			productName = WamexTests;
			productReference = 203014191901F655000F0521 /* WamexTests.xctest */;
			productType = "com.apple.product-type.bundle.unit-test";
		};
/* End PBXNativeTarget section */

/* Begin PBXProject section */
		203013EA1901F655000F0521 /* Project object */ = {
			isa = PBXProject;
			attributes = {
				LastUpgradeCheck = 0510;
				ORGANIZATIONNAME = "Mal Curtis";
				TargetAttributes = {
					203013F11901F655000F0521 = {
						DevelopmentTeam = RT6X7NM5G9;
					};
					203014181901F655000F0521 = {
						TestTargetID = 203013F11901F655000F0521;
					};
				};
			};
			buildConfigurationList = 203013ED1901F655000F0521 /* Build configuration list for PBXProject "Wamex" */;
			compatibilityVersion = "Xcode 3.2";
			developmentRegion = English;
			hasScannedForEncodings = 0;
			knownRegions = (
				en,
				Base,
			);
			mainGroup = 203013E91901F655000F0521;
			productRefGroup = 203013F31901F655000F0521 /* Products */;
			projectDirPath = "";
			projectRoot = "";
			targets = (
				203013F11901F655000F0521 /* Wamex */,
				203014181901F655000F0521 /* WamexTests */,
			);
		};
/* End PBXProject section */

/* Begin PBXResourcesBuildPhase section */
		203013F01901F655000F0521 /* Resources */ = {
			isa = PBXResourcesBuildPhase;
			buildActionMask = 2147483647;
			files = (
				2030140C1901F655000F0521 /* Main_iPad.storyboard in Resources */,
				203014141901F655000F0521 /* Images.xcassets in Resources */,
				2030144719034A4F000F0521 /* apple-touch-icon-precomposed@2x.png in Resources */,
				203014091901F655000F0521 /* Main_iPhone.storyboard in Resources */,
				203014001901F655000F0521 /* InfoPlist.strings in Resources */,
			);
			runOnlyForDeploymentPostprocessing = 0;
		};
		203014171901F655000F0521 /* Resources */ = {
			isa = PBXResourcesBuildPhase;
			buildActionMask = 2147483647;
			files = (
				203014251901F655000F0521 /* InfoPlist.strings in Resources */,
			);
			runOnlyForDeploymentPostprocessing = 0;
		};
/* End PBXResourcesBuildPhase section */

/* Begin PBXShellScriptBuildPhase section */
		1622FD679C374CDBA24B5B20 /* Copy Pods Resources */ = {
			isa = PBXShellScriptBuildPhase;
			buildActionMask = 2147483647;
			files = (
			);
			inputPaths = (
			);
			name = "Copy Pods Resources";
			outputPaths = (
			);
			runOnlyForDeploymentPostprocessing = 0;
			shellPath = /bin/sh;
			shellScript = "\"${SRCROOT}/Pods/Pods-Wamex-resources.sh\"\n";
			showEnvVarsInLog = 0;
		};
		32B4E749575B4B519124250B /* Check Pods Manifest.lock */ = {
			isa = PBXShellScriptBuildPhase;
			buildActionMask = 2147483647;
			files = (
			);
			inputPaths = (
			);
			name = "Check Pods Manifest.lock";
			outputPaths = (
			);
			runOnlyForDeploymentPostprocessing = 0;
			shellPath = /bin/sh;
			shellScript = "diff \"${PODS_ROOT}/../Podfile.lock\" \"${PODS_ROOT}/Manifest.lock\" > /dev/null\nif [[ $? != 0 ]] ; then\n    cat << EOM\nerror: The sandbox is not in sync with the Podfile.lock. Run 'pod install' or update your CocoaPods installation.\nEOM\n    exit 1\nfi\n";
			showEnvVarsInLog = 0;
		};
/* End PBXShellScriptBuildPhase section */

/* Begin PBXSourcesBuildPhase section */
		203013EE1901F655000F0521 /* Sources */ = {
			isa = PBXSourcesBuildPhase;
			buildActionMask = 2147483647;
			files = (
				203014061901F655000F0521 /* AppDelegate.m in Sources */,
				2030140F1901F655000F0521 /* MainViewController.m in Sources */,
				203014321901FDC8000F0521 /* Settings.m in Sources */,
				203014121901F655000F0521 /* FlipsideViewController.m in Sources */,
				203014021901F655000F0521 /* main.m in Sources */,
				2030143E190217E3000F0521 /* UIWebView+Blocks.m in Sources */,
				2030143519020CC4000F0521 /* SettingsNavigationViewController.m in Sources */,
				2030143B190215D0000F0521 /* WebClient.m in Sources */,
				2030144119028AC2000F0521 /* PaymentController.m in Sources */,
				2030144419034377000F0521 /* PaymentProcessingController.m in Sources */,
			);
			runOnlyForDeploymentPostprocessing = 0;
		};
		203014151901F655000F0521 /* Sources */ = {
			isa = PBXSourcesBuildPhase;
			buildActionMask = 2147483647;
			files = (
				203014271901F656000F0521 /* WamexTests.m in Sources */,
			);
			runOnlyForDeploymentPostprocessing = 0;
		};
/* End PBXSourcesBuildPhase section */

/* Begin PBXTargetDependency section */
		2030141F1901F655000F0521 /* PBXTargetDependency */ = {
			isa = PBXTargetDependency;
			target = 203013F11901F655000F0521 /* Wamex */;
			targetProxy = 2030141E1901F655000F0521 /* PBXContainerItemProxy */;
		};
/* End PBXTargetDependency section */

/* Begin PBXVariantGroup section */
		203013FE1901F655000F0521 /* InfoPlist.strings */ = {
			isa = PBXVariantGroup;
			children = (
				203013FF1901F655000F0521 /* en */,
			);
			name = InfoPlist.strings;
			sourceTree = "<group>";
		};
		203014071901F655000F0521 /* Main_iPhone.storyboard */ = {
			isa = PBXVariantGroup;
			children = (
				203014081901F655000F0521 /* Base */,
			);
			name = Main_iPhone.storyboard;
			sourceTree = "<group>";
		};
		2030140A1901F655000F0521 /* Main_iPad.storyboard */ = {
			isa = PBXVariantGroup;
			children = (
				2030140B1901F655000F0521 /* Base */,
			);
			name = Main_iPad.storyboard;
			sourceTree = "<group>";
		};
		203014231901F655000F0521 /* InfoPlist.strings */ = {
			isa = PBXVariantGroup;
			children = (
				203014241901F655000F0521 /* en */,
			);
			name = InfoPlist.strings;
			sourceTree = "<group>";
		};
/* End PBXVariantGroup section */

/* Begin XCBuildConfiguration section */
		203014281901F656000F0521 /* Debug */ = {
			isa = XCBuildConfiguration;
			buildSettings = {
				ALWAYS_SEARCH_USER_PATHS = NO;
				CLANG_CXX_LANGUAGE_STANDARD = "gnu++0x";
				CLANG_CXX_LIBRARY = "libc++";
				CLANG_ENABLE_MODULES = YES;
				CLANG_ENABLE_OBJC_ARC = YES;
				CLANG_WARN_BOOL_CONVERSION = YES;
				CLANG_WARN_CONSTANT_CONVERSION = YES;
				CLANG_WARN_DIRECT_OBJC_ISA_USAGE = YES_ERROR;
				CLANG_WARN_EMPTY_BODY = YES;
				CLANG_WARN_ENUM_CONVERSION = YES;
				CLANG_WARN_INT_CONVERSION = YES;
				CLANG_WARN_OBJC_ROOT_CLASS = YES_ERROR;
				CLANG_WARN__DUPLICATE_METHOD_MATCH = YES;
				CODE_SIGN_IDENTITY = "iPhone Developer: Mal Curtis (UM36VNQ8E3)";
				"CODE_SIGN_IDENTITY[sdk=iphoneos*]" = "iPhone Developer: Mal Curtis (UM36VNQ8E3)";
				COPY_PHASE_STRIP = NO;
				GCC_C_LANGUAGE_STANDARD = gnu99;
				GCC_DYNAMIC_NO_PIC = NO;
				GCC_OPTIMIZATION_LEVEL = 0;
				GCC_PREPROCESSOR_DEFINITIONS = (
					"DEBUG=1",
					"$(inherited)",
				);
				GCC_SYMBOLS_PRIVATE_EXTERN = NO;
				GCC_WARN_64_TO_32_BIT_CONVERSION = YES;
				GCC_WARN_ABOUT_RETURN_TYPE = YES_ERROR;
				GCC_WARN_UNDECLARED_SELECTOR = YES;
				GCC_WARN_UNINITIALIZED_AUTOS = YES;
				GCC_WARN_UNUSED_FUNCTION = YES;
				GCC_WARN_UNUSED_VARIABLE = YES;
				IPHONEOS_DEPLOYMENT_TARGET = 7.0;
				ONLY_ACTIVE_ARCH = YES;
				PROVISIONING_PROFILE = "3745EE66-3FFC-4905-A6ED-F39EDDBCCBF8";
				SDKROOT = iphoneos;
				TARGETED_DEVICE_FAMILY = "1,2";
			};
			name = Debug;
		};
		203014291901F656000F0521 /* Release */ = {
			isa = XCBuildConfiguration;
			buildSettings = {
				ALWAYS_SEARCH_USER_PATHS = NO;
				CLANG_CXX_LANGUAGE_STANDARD = "gnu++0x";
				CLANG_CXX_LIBRARY = "libc++";
				CLANG_ENABLE_MODULES = YES;
				CLANG_ENABLE_OBJC_ARC = YES;
				CLANG_WARN_BOOL_CONVERSION = YES;
				CLANG_WARN_CONSTANT_CONVERSION = YES;
				CLANG_WARN_DIRECT_OBJC_ISA_USAGE = YES_ERROR;
				CLANG_WARN_EMPTY_BODY = YES;
				CLANG_WARN_ENUM_CONVERSION = YES;
				CLANG_WARN_INT_CONVERSION = YES;
				CLANG_WARN_OBJC_ROOT_CLASS = YES_ERROR;
				CLANG_WARN__DUPLICATE_METHOD_MATCH = YES;
				CODE_SIGN_IDENTITY = "iPhone Developer: Mal Curtis (UM36VNQ8E3)";
				"CODE_SIGN_IDENTITY[sdk=iphoneos*]" = "iPhone Developer: Mal Curtis (UM36VNQ8E3)";
				COPY_PHASE_STRIP = YES;
				ENABLE_NS_ASSERTIONS = NO;
				GCC_C_LANGUAGE_STANDARD = gnu99;
				GCC_WARN_64_TO_32_BIT_CONVERSION = YES;
				GCC_WARN_ABOUT_RETURN_TYPE = YES_ERROR;
				GCC_WARN_UNDECLARED_SELECTOR = YES;
				GCC_WARN_UNINITIALIZED_AUTOS = YES;
				GCC_WARN_UNUSED_FUNCTION = YES;
				GCC_WARN_UNUSED_VARIABLE = YES;
				IPHONEOS_DEPLOYMENT_TARGET = 7.0;
				PROVISIONING_PROFILE = "3745EE66-3FFC-4905-A6ED-F39EDDBCCBF8";
				SDKROOT = iphoneos;
				TARGETED_DEVICE_FAMILY = "1,2";
				VALIDATE_PRODUCT = YES;
			};
			name = Release;
		};
		2030142B1901F656000F0521 /* Debug */ = {
			isa = XCBuildConfiguration;
			baseConfigurationReference = 52EACCABB200447EA4172357 /* Pods-Wamex.xcconfig */;
			buildSettings = {
				ASSETCATALOG_COMPILER_APPICON_NAME = AppIcon;
				ASSETCATALOG_COMPILER_LAUNCHIMAGE_NAME = LaunchImage;
				CODE_SIGN_IDENTITY = "iPhone Developer";
				"CODE_SIGN_IDENTITY[sdk=iphoneos*]" = "iPhone Developer";
				GCC_PRECOMPILE_PREFIX_HEADER = YES;
				GCC_PREFIX_HEADER = "Wamex/Wamex-Prefix.pch";
				INFOPLIST_FILE = "Wamex/Wamex-Info.plist";
				PRODUCT_NAME = "$(TARGET_NAME)";
				PROVISIONING_PROFILE = "";
				WRAPPER_EXTENSION = app;
			};
			name = Debug;
		};
		2030142C1901F656000F0521 /* Release */ = {
			isa = XCBuildConfiguration;
			baseConfigurationReference = 52EACCABB200447EA4172357 /* Pods-Wamex.xcconfig */;
			buildSettings = {
				ASSETCATALOG_COMPILER_APPICON_NAME = AppIcon;
				ASSETCATALOG_COMPILER_LAUNCHIMAGE_NAME = LaunchImage;
				CODE_SIGN_IDENTITY = "iPhone Developer";
				"CODE_SIGN_IDENTITY[sdk=iphoneos*]" = "iPhone Developer";
				GCC_PRECOMPILE_PREFIX_HEADER = YES;
				GCC_PREFIX_HEADER = "Wamex/Wamex-Prefix.pch";
				INFOPLIST_FILE = "Wamex/Wamex-Info.plist";
				PRODUCT_NAME = "$(TARGET_NAME)";
				PROVISIONING_PROFILE = "";
				WRAPPER_EXTENSION = app;
			};
			name = Release;
		};
		2030142E1901F656000F0521 /* Debug */ = {
			isa = XCBuildConfiguration;
			buildSettings = {
				BUNDLE_LOADER = "$(BUILT_PRODUCTS_DIR)/Wamex.app/Wamex";
				FRAMEWORK_SEARCH_PATHS = (
					"$(SDKROOT)/Developer/Library/Frameworks",
					"$(inherited)",
					"$(DEVELOPER_FRAMEWORKS_DIR)",
				);
				GCC_PRECOMPILE_PREFIX_HEADER = YES;
				GCC_PREFIX_HEADER = "Wamex/Wamex-Prefix.pch";
				GCC_PREPROCESSOR_DEFINITIONS = (
					"DEBUG=1",
					"$(inherited)",
				);
				INFOPLIST_FILE = "WamexTests/WamexTests-Info.plist";
				PRODUCT_NAME = "$(TARGET_NAME)";
				TEST_HOST = "$(BUNDLE_LOADER)";
				WRAPPER_EXTENSION = xctest;
			};
			name = Debug;
		};
		2030142F1901F656000F0521 /* Release */ = {
			isa = XCBuildConfiguration;
			buildSettings = {
				BUNDLE_LOADER = "$(BUILT_PRODUCTS_DIR)/Wamex.app/Wamex";
				FRAMEWORK_SEARCH_PATHS = (
					"$(SDKROOT)/Developer/Library/Frameworks",
					"$(inherited)",
					"$(DEVELOPER_FRAMEWORKS_DIR)",
				);
				GCC_PRECOMPILE_PREFIX_HEADER = YES;
				GCC_PREFIX_HEADER = "Wamex/Wamex-Prefix.pch";
				INFOPLIST_FILE = "WamexTests/WamexTests-Info.plist";
				PRODUCT_NAME = "$(TARGET_NAME)";
				TEST_HOST = "$(BUNDLE_LOADER)";
				WRAPPER_EXTENSION = xctest;
			};
			name = Release;
		};
/* End XCBuildConfiguration section */

/* Begin XCConfigurationList section */
		203013ED1901F655000F0521 /* Build configuration list for PBXProject "Wamex" */ = {
			isa = XCConfigurationList;
			buildConfigurations = (
				203014281901F656000F0521 /* Debug */,
				203014291901F656000F0521 /* Release */,
			);
			defaultConfigurationIsVisible = 0;
			defaultConfigurationName = Release;
		};
		2030142A1901F656000F0521 /* Build configuration list for PBXNativeTarget "Wamex" */ = {
			isa = XCConfigurationList;
			buildConfigurations = (
				2030142B1901F656000F0521 /* Debug */,
				2030142C1901F656000F0521 /* Release */,
			);
			defaultConfigurationIsVisible = 0;
			defaultConfigurationName = Release;
		};
		2030142D1901F656000F0521 /* Build configuration list for PBXNativeTarget "WamexTests" */ = {
			isa = XCConfigurationList;
			buildConfigurations = (
				2030142E1901F656000F0521 /* Debug */,
				2030142F1901F656000F0521 /* Release */,
			);
			defaultConfigurationIsVisible = 0;
			defaultConfigurationName = Release;
		};
/* End XCConfigurationList section */
	};
	rootObject = 203013EA1901F655000F0521 /* Project object */;
}
